
Microsoft Visual Studio Solution File, Format Version 12.00
# Visual Studio Version 17
VisualStudioVersion = 17.7.34202.233
MinimumVisualStudioVersion = 10.0.40219.1
Project("{FAE04EC0-301F-11D3-BF4B-00C04F79EFBC}") = "Retrive_Student_data_from_File", "Retrive_Student_data_from_File\Retrive_Student_data_from_File.csproj", "{039B2AEA-D4D9-43EC-ACBE-AF9A691105AF}"
EndProject
Global
	GlobalSection(SolutionConfigurationPlatforms) = preSolution
		Debug|Any CPU = Debug|Any CPU
		Release|Any CPU = Release|Any CPU
	EndGlobalSection
	GlobalSection(ProjectConfigurationPlatforms) = postSolution
		{039B2AEA-D4D9-43EC-ACBE-AF9A691105AF}.Debug|Any CPU.ActiveCfg = Debug|Any CPU
		{039B2AEA-D4D9-43EC-ACBE-AF9A691105AF}.Debug|Any CPU.Build.0 = Debug|Any CPU
		{039B2AEA-D4D9-43EC-ACBE-AF9A691105AF}.Release|Any CPU.ActiveCfg = Release|Any CPU
		{039B2AEA-D4D9-43EC-ACBE-AF9A691105AF}.Release|Any CPU.Build.0 = Release|Any CPU
	EndGlobalSection
	GlobalSection(SolutionProperties) = preSolution
		HideSolutionNode = FALSE
	EndGlobalSection
	GlobalSection(ExtensibilityGlobals) = postSolution
		SolutionGuid = {2AEB7AA8-A564-46F7-A32E-CE11F1278B03}
	EndGlobalSection
EndGlobal
